
Microsoft Visual Studio Solution File, Format Version 12.00
# Visual Studio Version 17
VisualStudioVersion = 17.10.35122.118
MinimumVisualStudioVersion = 10.0.40219.1
Project("{9A19103F-16F7-4668-BE54-9A1E7A4F7556}") = "Algorithms", "Algorithms\Algorithms.csproj", "{0EE8FD9F-236A-4403-B025-86FDC48F882D}"
EndProject
Project("{9A19103F-16F7-4668-BE54-9A1E7A4F7556}") = "Library Refactor", "Library Refactor\Library Refactor.csproj", "{4DA315F2-0772-4300-8A49-927891DF4BEA}"
EndProject
Project("{9A19103F-16F7-4668-BE54-9A1E7A4F7556}") = "PascalTriangle", "PascalTriangle\PascalTriangle.csproj", "{3EDC9B5A-FFA7-46A9-A641-934B50BC7953}"
EndProject
Project("{9A19103F-16F7-4668-BE54-9A1E7A4F7556}") = "AlgoPrac", "AlgoPrac\AlgoPrac.csproj", "{24E4F89C-DAE8-4A03-A7EF-5F81F5E64FEE}"
EndProject
Project("{9A19103F-16F7-4668-BE54-9A1E7A4F7556}") = "BinarySearch", "BinarySearch\BinarySearch.csproj", "{83A2360C-BEF0-4D0D-B59E-F4FD6BECA513}"
EndProject
Project("{9A19103F-16F7-4668-BE54-9A1E7A4F7556}") = "MergeSort", "MergeSort\MergeSort.csproj", "{337BEA19-6F20-4697-94DD-E4715748F544}"
EndProject
Project("{9A19103F-16F7-4668-BE54-9A1E7A4F7556}") = "QuickSelect", "QuickSelect\QuickSelect.csproj", "{08891258-FC2D-4755-9FEB-DC1987F69933}"
EndProject
Project("{9A19103F-16F7-4668-BE54-9A1E7A4F7556}") = "QuickSort", "QuickSort\QuickSort.csproj", "{921B7FFA-550A-47DB-8D9C-85119CC67440}"
EndProject
Project("{9A19103F-16F7-4668-BE54-9A1E7A4F7556}") = "InterpolationSearch", "InterpolationSearch\InterpolationSearch.csproj", "{57E651AA-9148-4C8D-ABA9-6B68BAB8092F}"
EndProject
Project("{9A19103F-16F7-4668-BE54-9A1E7A4F7556}") = "GreatestCommonFactor", "GreatestCommonFactor\GreatestCommonFactor.csproj", "{41A1427D-11FE-48CE-94C2-72177BF32EDF}"
EndProject
Project("{9A19103F-16F7-4668-BE54-9A1E7A4F7556}") = "LeastCommonMultiple", "LeastCommonMultiple\LeastCommonMultiple.csproj", "{859C7F20-0052-45B2-9D4D-1ABB1FA68D41}"
EndProject
Project("{9A19103F-16F7-4668-BE54-9A1E7A4F7556}") = "BubbleSort", "BubbleSort\BubbleSort.csproj", "{DED0E20C-79AA-4C17-8ACD-15759B705E60}"
EndProject
Project("{9A19103F-16F7-4668-BE54-9A1E7A4F7556}") = "CountFrequency", "CountFrequency\CountFrequency.csproj", "{EB93985C-C21A-41A3-B220-E5BAFE86262B}"
EndProject
Project("{9A19103F-16F7-4668-BE54-9A1E7A4F7556}") = "MatrixMultiplication", "MatrixMultiplication\MatrixMultiplication.csproj", "{B0A44CC2-DFCC-4FCF-B8EF-50DF5114C635}"
EndProject
Project("{9A19103F-16F7-4668-BE54-9A1E7A4F7556}") = "MatrixAddition", "MatrixAddition\MatrixAddition.csproj", "{2695A172-EBCA-4C4C-A9E0-8BFB2FD005BB}"
EndProject
Project("{9A19103F-16F7-4668-BE54-9A1E7A4F7556}") = "SortingAlgorithms", "SortingAlgorithms\SortingAlgorithms.csproj", "{C664B10F-52A2-4225-B8CD-01CD86F0D03B}"
EndProject
Project("{9A19103F-16F7-4668-BE54-9A1E7A4F7556}") = "SearchingAlgorithms", "SearchingAlgorithms\SearchingAlgorithms.csproj", "{26BA7B3B-6B97-4273-97DC-21EBEA44ED50}"
EndProject
Project("{9A19103F-16F7-4668-BE54-9A1E7A4F7556}") = "PossibleDrill", "PossibleDrill\PossibleDrill.csproj", "{5267182C-FDBD-49E4-8CC3-D42DC5A986AB}"
EndProject
Project("{9A19103F-16F7-4668-BE54-9A1E7A4F7556}") = "RecursiveAlgorithms", "RecursiveAlgorithms\RecursiveAlgorithms.csproj", "{F645DA42-7D40-4C96-A79F-CD3083B8F43B}"
EndProject
Project("{9A19103F-16F7-4668-BE54-9A1E7A4F7556}") = "HeapSort", "HeapSort\HeapSort.csproj", "{3FB673C8-B9BC-474D-B009-5DD10D0B6C59}"
EndProject
Project("{9A19103F-16F7-4668-BE54-9A1E7A4F7556}") = "QuickSelectPractice", "QuickSelectPractice\QuickSelectPractice.csproj", "{2AE38E52-42D2-4F7C-9564-F9801A31DEC5}"
EndProject
Project("{9A19103F-16F7-4668-BE54-9A1E7A4F7556}") = "LCS", "LCS\LCS.csproj", "{E66117C1-E773-4D30-9A03-9DD3BC9E6709}"
EndProject
Project("{9A19103F-16F7-4668-BE54-9A1E7A4F7556}") = "LCSPractice1", "LCSPractice1\LCSPractice1.csproj", "{0E87F002-98DB-4D72-8698-551BC3B342EC}"
EndProject
Project("{9A19103F-16F7-4668-BE54-9A1E7A4F7556}") = "LCSPractice2", "LCSPractice2\LCSPractice2.csproj", "{B7AD68EF-B8D9-44B3-8892-2F53B4C16412}"
EndProject
Project("{9A19103F-16F7-4668-BE54-9A1E7A4F7556}") = "Strassen", "Strassen\Strassen.csproj", "{9FBAB557-3491-4CCA-A4CD-3EB434069CF0}"
EndProject
Project("{9A19103F-16F7-4668-BE54-9A1E7A4F7556}") = "LCSPractice3", "LCSPractice3\LCSPractice3.csproj", "{D08EED8F-2BAE-44E3-A66E-4DD718342E33}"
EndProject
Project("{9A19103F-16F7-4668-BE54-9A1E7A4F7556}") = "LCSPractice4", "LCSPractice4\LCSPractice4.csproj", "{03BE0044-2251-42E4-906E-4F6355AAE9D6}"
EndProject
Project("{9A19103F-16F7-4668-BE54-9A1E7A4F7556}") = "LCSPractice5", "LCSPractice5\LCSPractice5.csproj", "{3DCEA272-44FD-4D2A-801D-88342DCEF1B0}"
EndProject
Project("{9A19103F-16F7-4668-BE54-9A1E7A4F7556}") = "Pascal'sTrianglePractice1", "Pascal'sTrianglePractice1\Pascal'sTrianglePractice1.csproj", "{C7D77D5F-63A4-4B27-B64D-4D40F9E4E6F4}"
EndProject
Project("{9A19103F-16F7-4668-BE54-9A1E7A4F7556}") = "LCS_Practice6", "LCS_Practice6\LCS_Practice6.csproj", "{FABA1558-F811-40DF-819C-0FEBAE86D66D}"
EndProject
Project("{9A19103F-16F7-4668-BE54-9A1E7A4F7556}") = "LCS_Practice7", "LCS_Practice7\LCS_Practice7.csproj", "{24BDE7D6-69E4-45AA-9798-1AFAFAF11D55}"
EndProject
Project("{9A19103F-16F7-4668-BE54-9A1E7A4F7556}") = "Pascal_Practice3", "Pascal_Practice3\Pascal_Practice3.csproj", "{AEFA5BDE-3D41-41CC-B3A2-3DF79D02A424}"
EndProject
Project("{9A19103F-16F7-4668-BE54-9A1E7A4F7556}") = "Fibonacci_Practice1", "Fibonacci_Practice1\Fibonacci_Practice1.csproj", "{AE2AB9BE-295F-4B90-BC09-903AB0BA4837}"
EndProject
Project("{9A19103F-16F7-4668-BE54-9A1E7A4F7556}") = "LCS_Practice8", "LCS_Practice8\LCS_Practice8.csproj", "{0B404763-4E88-4B84-B27B-16F05441A9D1}"
EndProject
Project("{9A19103F-16F7-4668-BE54-9A1E7A4F7556}") = "LCS_Practice9", "LCS_Practice9\LCS_Practice9.csproj", "{578EE90E-3CF0-4BFE-B61C-38D4032B331B}"
EndProject
Project("{9A19103F-16F7-4668-BE54-9A1E7A4F7556}") = "Pascal_Practice5", "Pascal_Practice5\Pascal_Practice5.csproj", "{B6CFCDD1-4B42-4080-9102-B6200FF6483E}"
EndProject
Project("{9A19103F-16F7-4668-BE54-9A1E7A4F7556}") = "MatrixChainMultiplication", "MatrixChainMultiplication\MatrixChainMultiplication.csproj", "{DCBAD4A6-06CE-4F9E-B64E-C1CC87439471}"
EndProject
Project("{9A19103F-16F7-4668-BE54-9A1E7A4F7556}") = "MatrixChain_Practice1", "MatrixChain_Practice1\MatrixChain_Practice1.csproj", "{92783CBE-2106-4E2E-B04D-0028988365FF}"
EndProject
Project("{9A19103F-16F7-4668-BE54-9A1E7A4F7556}") = "MatrixChain_Practice2", "MatrixChain_Practice2\MatrixChain_Practice2.csproj", "{7CC3176E-FDF1-4480-9D29-EF8347C0F30B}"
EndProject
Project("{9A19103F-16F7-4668-BE54-9A1E7A4F7556}") = "MinimumNumber", "MinimumNumber\MinimumNumber.csproj", "{A55AE994-9A25-4FA7-ACF5-0A0F39A951A4}"
EndProject
Project("{9A19103F-16F7-4668-BE54-9A1E7A4F7556}") = "MatrixChain_Practice3", "MatrixChain_Practice3\MatrixChain_Practice3.csproj", "{4753C495-50FF-440E-8EAF-9481C4857EF2}"
EndProject
Project("{9A19103F-16F7-4668-BE54-9A1E7A4F7556}") = "MinimumNumber_Practice1", "MinimumNumber_Practice1\MinimumNumber_Practice1.csproj", "{47602D10-EE2E-4C2F-9E16-EDFCCB088B8C}"
EndProject
Project("{9A19103F-16F7-4668-BE54-9A1E7A4F7556}") = "MatrixChain_Practice4", "MatrixChain_Practice4\MatrixChain_Practice4.csproj", "{324E16C8-E90C-4D0C-9531-4ABF3321D85C}"
EndProject
Project("{9A19103F-16F7-4668-BE54-9A1E7A4F7556}") = "MatrixChain_Practice10", "MatrixChain_Practice10\MatrixChain_Practice10.csproj", "{AA322C89-E471-4AA7-A1B1-4B7F35FF81EC}"
EndProject
Project("{9A19103F-16F7-4668-BE54-9A1E7A4F7556}") = "Stack", "Stack\Stack.csproj", "{71EEF1C7-256B-478F-B2A7-5D9661B9DDAE}"
EndProject
Project("{FAE04EC0-301F-11D3-BF4B-00C04F79EFBC}") = "Queue", "Queue\Queue.csproj", "{92C359B3-626B-44ED-A80D-1B576671486F}"
EndProject
Project("{FAE04EC0-301F-11D3-BF4B-00C04F79EFBC}") = "MatrixChain_Practice5", "MatrixChain_Practice5\MatrixChain_Practice5.csproj", "{01199AF1-8F4F-4075-8DB7-76E835B24A30}"
EndProject
Project("{FAE04EC0-301F-11D3-BF4B-00C04F79EFBC}") = "Kruskal", "Kruskal\Kruskal.csproj", "{D55077E8-B255-4873-AD17-8577C3ABD890}"
EndProject
Project("{FAE04EC0-301F-11D3-BF4B-00C04F79EFBC}") = "Kruskal_Practice1", "Kruskal_Practice1\Kruskal_Practice1.csproj", "{9B54B575-E26D-49BF-9E4F-17B97ED2BB48}"
EndProject
Project("{FAE04EC0-301F-11D3-BF4B-00C04F79EFBC}") = "Kruskal_Practice2", "Kruskal_Practice2\Kruskal_Practice2.csproj", "{E6160F31-46AE-4EB6-8278-F752771952AA}"
EndProject
Global
	GlobalSection(SolutionConfigurationPlatforms) = preSolution
		Debug|Any CPU = Debug|Any CPU
		Release|Any CPU = Release|Any CPU
	EndGlobalSection
	GlobalSection(ProjectConfigurationPlatforms) = postSolution
		{0EE8FD9F-236A-4403-B025-86FDC48F882D}.Debug|Any CPU.ActiveCfg = Debug|Any CPU
		{0EE8FD9F-236A-4403-B025-86FDC48F882D}.Debug|Any CPU.Build.0 = Debug|Any CPU
		{0EE8FD9F-236A-4403-B025-86FDC48F882D}.Release|Any CPU.ActiveCfg = Release|Any CPU
		{0EE8FD9F-236A-4403-B025-86FDC48F882D}.Release|Any CPU.Build.0 = Release|Any CPU
		{4DA315F2-0772-4300-8A49-927891DF4BEA}.Debug|Any CPU.ActiveCfg = Debug|Any CPU
		{4DA315F2-0772-4300-8A49-927891DF4BEA}.Debug|Any CPU.Build.0 = Debug|Any CPU
		{4DA315F2-0772-4300-8A49-927891DF4BEA}.Release|Any CPU.ActiveCfg = Release|Any CPU
		{4DA315F2-0772-4300-8A49-927891DF4BEA}.Release|Any CPU.Build.0 = Release|Any CPU
		{3EDC9B5A-FFA7-46A9-A641-934B50BC7953}.Debug|Any CPU.ActiveCfg = Debug|Any CPU
		{3EDC9B5A-FFA7-46A9-A641-934B50BC7953}.Debug|Any CPU.Build.0 = Debug|Any CPU
		{3EDC9B5A-FFA7-46A9-A641-934B50BC7953}.Release|Any CPU.ActiveCfg = Release|Any CPU
		{3EDC9B5A-FFA7-46A9-A641-934B50BC7953}.Release|Any CPU.Build.0 = Release|Any CPU
		{24E4F89C-DAE8-4A03-A7EF-5F81F5E64FEE}.Debug|Any CPU.ActiveCfg = Debug|Any CPU
		{24E4F89C-DAE8-4A03-A7EF-5F81F5E64FEE}.Debug|Any CPU.Build.0 = Debug|Any CPU
		{24E4F89C-DAE8-4A03-A7EF-5F81F5E64FEE}.Release|Any CPU.ActiveCfg = Release|Any CPU
		{24E4F89C-DAE8-4A03-A7EF-5F81F5E64FEE}.Release|Any CPU.Build.0 = Release|Any CPU
		{83A2360C-BEF0-4D0D-B59E-F4FD6BECA513}.Debug|Any CPU.ActiveCfg = Debug|Any CPU
		{83A2360C-BEF0-4D0D-B59E-F4FD6BECA513}.Debug|Any CPU.Build.0 = Debug|Any CPU
		{83A2360C-BEF0-4D0D-B59E-F4FD6BECA513}.Release|Any CPU.ActiveCfg = Release|Any CPU
		{83A2360C-BEF0-4D0D-B59E-F4FD6BECA513}.Release|Any CPU.Build.0 = Release|Any CPU
		{337BEA19-6F20-4697-94DD-E4715748F544}.Debug|Any CPU.ActiveCfg = Debug|Any CPU
		{337BEA19-6F20-4697-94DD-E4715748F544}.Debug|Any CPU.Build.0 = Debug|Any CPU
		{337BEA19-6F20-4697-94DD-E4715748F544}.Release|Any CPU.ActiveCfg = Release|Any CPU
		{337BEA19-6F20-4697-94DD-E4715748F544}.Release|Any CPU.Build.0 = Release|Any CPU
		{08891258-FC2D-4755-9FEB-DC1987F69933}.Debug|Any CPU.ActiveCfg = Debug|Any CPU
		{08891258-FC2D-4755-9FEB-DC1987F69933}.Debug|Any CPU.Build.0 = Debug|Any CPU
		{08891258-FC2D-4755-9FEB-DC1987F69933}.Release|Any CPU.ActiveCfg = Release|Any CPU
		{08891258-FC2D-4755-9FEB-DC1987F69933}.Release|Any CPU.Build.0 = Release|Any CPU
		{921B7FFA-550A-47DB-8D9C-85119CC67440}.Debug|Any CPU.ActiveCfg = Debug|Any CPU
		{921B7FFA-550A-47DB-8D9C-85119CC67440}.Debug|Any CPU.Build.0 = Debug|Any CPU
		{921B7FFA-550A-47DB-8D9C-85119CC67440}.Release|Any CPU.ActiveCfg = Release|Any CPU
		{921B7FFA-550A-47DB-8D9C-85119CC67440}.Release|Any CPU.Build.0 = Release|Any CPU
		{57E651AA-9148-4C8D-ABA9-6B68BAB8092F}.Debug|Any CPU.ActiveCfg = Debug|Any CPU
		{57E651AA-9148-4C8D-ABA9-6B68BAB8092F}.Debug|Any CPU.Build.0 = Debug|Any CPU
		{57E651AA-9148-4C8D-ABA9-6B68BAB8092F}.Release|Any CPU.ActiveCfg = Release|Any CPU
		{57E651AA-9148-4C8D-ABA9-6B68BAB8092F}.Release|Any CPU.Build.0 = Release|Any CPU
		{41A1427D-11FE-48CE-94C2-72177BF32EDF}.Debug|Any CPU.ActiveCfg = Debug|Any CPU
		{41A1427D-11FE-48CE-94C2-72177BF32EDF}.Debug|Any CPU.Build.0 = Debug|Any CPU
		{41A1427D-11FE-48CE-94C2-72177BF32EDF}.Release|Any CPU.ActiveCfg = Release|Any CPU
		{41A1427D-11FE-48CE-94C2-72177BF32EDF}.Release|Any CPU.Build.0 = Release|Any CPU
		{859C7F20-0052-45B2-9D4D-1ABB1FA68D41}.Debug|Any CPU.ActiveCfg = Debug|Any CPU
		{859C7F20-0052-45B2-9D4D-1ABB1FA68D41}.Debug|Any CPU.Build.0 = Debug|Any CPU
		{859C7F20-0052-45B2-9D4D-1ABB1FA68D41}.Release|Any CPU.ActiveCfg = Release|Any CPU
		{859C7F20-0052-45B2-9D4D-1ABB1FA68D41}.Release|Any CPU.Build.0 = Release|Any CPU
		{DED0E20C-79AA-4C17-8ACD-15759B705E60}.Debug|Any CPU.ActiveCfg = Debug|Any CPU
		{DED0E20C-79AA-4C17-8ACD-15759B705E60}.Debug|Any CPU.Build.0 = Debug|Any CPU
		{DED0E20C-79AA-4C17-8ACD-15759B705E60}.Release|Any CPU.ActiveCfg = Release|Any CPU
		{DED0E20C-79AA-4C17-8ACD-15759B705E60}.Release|Any CPU.Build.0 = Release|Any CPU
		{EB93985C-C21A-41A3-B220-E5BAFE86262B}.Debug|Any CPU.ActiveCfg = Debug|Any CPU
		{EB93985C-C21A-41A3-B220-E5BAFE86262B}.Debug|Any CPU.Build.0 = Debug|Any CPU
		{EB93985C-C21A-41A3-B220-E5BAFE86262B}.Release|Any CPU.ActiveCfg = Release|Any CPU
		{EB93985C-C21A-41A3-B220-E5BAFE86262B}.Release|Any CPU.Build.0 = Release|Any CPU
		{B0A44CC2-DFCC-4FCF-B8EF-50DF5114C635}.Debug|Any CPU.ActiveCfg = Debug|Any CPU
		{B0A44CC2-DFCC-4FCF-B8EF-50DF5114C635}.Debug|Any CPU.Build.0 = Debug|Any CPU
		{B0A44CC2-DFCC-4FCF-B8EF-50DF5114C635}.Release|Any CPU.ActiveCfg = Release|Any CPU
		{B0A44CC2-DFCC-4FCF-B8EF-50DF5114C635}.Release|Any CPU.Build.0 = Release|Any CPU
		{2695A172-EBCA-4C4C-A9E0-8BFB2FD005BB}.Debug|Any CPU.ActiveCfg = Debug|Any CPU
		{2695A172-EBCA-4C4C-A9E0-8BFB2FD005BB}.Debug|Any CPU.Build.0 = Debug|Any CPU
		{2695A172-EBCA-4C4C-A9E0-8BFB2FD005BB}.Release|Any CPU.ActiveCfg = Release|Any CPU
		{2695A172-EBCA-4C4C-A9E0-8BFB2FD005BB}.Release|Any CPU.Build.0 = Release|Any CPU
		{C664B10F-52A2-4225-B8CD-01CD86F0D03B}.Debug|Any CPU.ActiveCfg = Debug|Any CPU
		{C664B10F-52A2-4225-B8CD-01CD86F0D03B}.Debug|Any CPU.Build.0 = Debug|Any CPU
		{C664B10F-52A2-4225-B8CD-01CD86F0D03B}.Release|Any CPU.ActiveCfg = Release|Any CPU
		{C664B10F-52A2-4225-B8CD-01CD86F0D03B}.Release|Any CPU.Build.0 = Release|Any CPU
		{26BA7B3B-6B97-4273-97DC-21EBEA44ED50}.Debug|Any CPU.ActiveCfg = Debug|Any CPU
		{26BA7B3B-6B97-4273-97DC-21EBEA44ED50}.Debug|Any CPU.Build.0 = Debug|Any CPU
		{26BA7B3B-6B97-4273-97DC-21EBEA44ED50}.Release|Any CPU.ActiveCfg = Release|Any CPU
		{26BA7B3B-6B97-4273-97DC-21EBEA44ED50}.Release|Any CPU.Build.0 = Release|Any CPU
		{5267182C-FDBD-49E4-8CC3-D42DC5A986AB}.Debug|Any CPU.ActiveCfg = Debug|Any CPU
		{5267182C-FDBD-49E4-8CC3-D42DC5A986AB}.Debug|Any CPU.Build.0 = Debug|Any CPU
		{5267182C-FDBD-49E4-8CC3-D42DC5A986AB}.Release|Any CPU.ActiveCfg = Release|Any CPU
		{5267182C-FDBD-49E4-8CC3-D42DC5A986AB}.Release|Any CPU.Build.0 = Release|Any CPU
		{F645DA42-7D40-4C96-A79F-CD3083B8F43B}.Debug|Any CPU.ActiveCfg = Debug|Any CPU
		{F645DA42-7D40-4C96-A79F-CD3083B8F43B}.Debug|Any CPU.Build.0 = Debug|Any CPU
		{F645DA42-7D40-4C96-A79F-CD3083B8F43B}.Release|Any CPU.ActiveCfg = Release|Any CPU
		{F645DA42-7D40-4C96-A79F-CD3083B8F43B}.Release|Any CPU.Build.0 = Release|Any CPU
		{3FB673C8-B9BC-474D-B009-5DD10D0B6C59}.Debug|Any CPU.ActiveCfg = Debug|Any CPU
		{3FB673C8-B9BC-474D-B009-5DD10D0B6C59}.Debug|Any CPU.Build.0 = Debug|Any CPU
		{3FB673C8-B9BC-474D-B009-5DD10D0B6C59}.Release|Any CPU.ActiveCfg = Release|Any CPU
		{3FB673C8-B9BC-474D-B009-5DD10D0B6C59}.Release|Any CPU.Build.0 = Release|Any CPU
		{2AE38E52-42D2-4F7C-9564-F9801A31DEC5}.Debug|Any CPU.ActiveCfg = Debug|Any CPU
		{2AE38E52-42D2-4F7C-9564-F9801A31DEC5}.Debug|Any CPU.Build.0 = Debug|Any CPU
		{2AE38E52-42D2-4F7C-9564-F9801A31DEC5}.Release|Any CPU.ActiveCfg = Release|Any CPU
		{2AE38E52-42D2-4F7C-9564-F9801A31DEC5}.Release|Any CPU.Build.0 = Release|Any CPU
		{E66117C1-E773-4D30-9A03-9DD3BC9E6709}.Debug|Any CPU.ActiveCfg = Debug|Any CPU
		{E66117C1-E773-4D30-9A03-9DD3BC9E6709}.Debug|Any CPU.Build.0 = Debug|Any CPU
		{E66117C1-E773-4D30-9A03-9DD3BC9E6709}.Release|Any CPU.ActiveCfg = Release|Any CPU
		{E66117C1-E773-4D30-9A03-9DD3BC9E6709}.Release|Any CPU.Build.0 = Release|Any CPU
		{0E87F002-98DB-4D72-8698-551BC3B342EC}.Debug|Any CPU.ActiveCfg = Debug|Any CPU
		{0E87F002-98DB-4D72-8698-551BC3B342EC}.Debug|Any CPU.Build.0 = Debug|Any CPU
		{0E87F002-98DB-4D72-8698-551BC3B342EC}.Release|Any CPU.ActiveCfg = Release|Any CPU
		{0E87F002-98DB-4D72-8698-551BC3B342EC}.Release|Any CPU.Build.0 = Release|Any CPU
		{B7AD68EF-B8D9-44B3-8892-2F53B4C16412}.Debug|Any CPU.ActiveCfg = Debug|Any CPU
		{B7AD68EF-B8D9-44B3-8892-2F53B4C16412}.Debug|Any CPU.Build.0 = Debug|Any CPU
		{B7AD68EF-B8D9-44B3-8892-2F53B4C16412}.Release|Any CPU.ActiveCfg = Release|Any CPU
		{B7AD68EF-B8D9-44B3-8892-2F53B4C16412}.Release|Any CPU.Build.0 = Release|Any CPU
		{9FBAB557-3491-4CCA-A4CD-3EB434069CF0}.Debug|Any CPU.ActiveCfg = Debug|Any CPU
		{9FBAB557-3491-4CCA-A4CD-3EB434069CF0}.Debug|Any CPU.Build.0 = Debug|Any CPU
		{9FBAB557-3491-4CCA-A4CD-3EB434069CF0}.Release|Any CPU.ActiveCfg = Release|Any CPU
		{9FBAB557-3491-4CCA-A4CD-3EB434069CF0}.Release|Any CPU.Build.0 = Release|Any CPU
		{D08EED8F-2BAE-44E3-A66E-4DD718342E33}.Debug|Any CPU.ActiveCfg = Debug|Any CPU
		{D08EED8F-2BAE-44E3-A66E-4DD718342E33}.Debug|Any CPU.Build.0 = Debug|Any CPU
		{D08EED8F-2BAE-44E3-A66E-4DD718342E33}.Release|Any CPU.ActiveCfg = Release|Any CPU
		{D08EED8F-2BAE-44E3-A66E-4DD718342E33}.Release|Any CPU.Build.0 = Release|Any CPU
		{03BE0044-2251-42E4-906E-4F6355AAE9D6}.Debug|Any CPU.ActiveCfg = Debug|Any CPU
		{03BE0044-2251-42E4-906E-4F6355AAE9D6}.Debug|Any CPU.Build.0 = Debug|Any CPU
		{03BE0044-2251-42E4-906E-4F6355AAE9D6}.Release|Any CPU.ActiveCfg = Release|Any CPU
		{03BE0044-2251-42E4-906E-4F6355AAE9D6}.Release|Any CPU.Build.0 = Release|Any CPU
		{3DCEA272-44FD-4D2A-801D-88342DCEF1B0}.Debug|Any CPU.ActiveCfg = Debug|Any CPU
		{3DCEA272-44FD-4D2A-801D-88342DCEF1B0}.Debug|Any CPU.Build.0 = Debug|Any CPU
		{3DCEA272-44FD-4D2A-801D-88342DCEF1B0}.Release|Any CPU.ActiveCfg = Release|Any CPU
		{3DCEA272-44FD-4D2A-801D-88342DCEF1B0}.Release|Any CPU.Build.0 = Release|Any CPU
		{C7D77D5F-63A4-4B27-B64D-4D40F9E4E6F4}.Debug|Any CPU.ActiveCfg = Debug|Any CPU
		{C7D77D5F-63A4-4B27-B64D-4D40F9E4E6F4}.Debug|Any CPU.Build.0 = Debug|Any CPU
		{C7D77D5F-63A4-4B27-B64D-4D40F9E4E6F4}.Release|Any CPU.ActiveCfg = Release|Any CPU
		{C7D77D5F-63A4-4B27-B64D-4D40F9E4E6F4}.Release|Any CPU.Build.0 = Release|Any CPU
		{FABA1558-F811-40DF-819C-0FEBAE86D66D}.Debug|Any CPU.ActiveCfg = Debug|Any CPU
		{FABA1558-F811-40DF-819C-0FEBAE86D66D}.Debug|Any CPU.Build.0 = Debug|Any CPU
		{FABA1558-F811-40DF-819C-0FEBAE86D66D}.Release|Any CPU.ActiveCfg = Release|Any CPU
		{FABA1558-F811-40DF-819C-0FEBAE86D66D}.Release|Any CPU.Build.0 = Release|Any CPU
		{24BDE7D6-69E4-45AA-9798-1AFAFAF11D55}.Debug|Any CPU.ActiveCfg = Debug|Any CPU
		{24BDE7D6-69E4-45AA-9798-1AFAFAF11D55}.Debug|Any CPU.Build.0 = Debug|Any CPU
		{24BDE7D6-69E4-45AA-9798-1AFAFAF11D55}.Release|Any CPU.ActiveCfg = Release|Any CPU
		{24BDE7D6-69E4-45AA-9798-1AFAFAF11D55}.Release|Any CPU.Build.0 = Release|Any CPU
		{AEFA5BDE-3D41-41CC-B3A2-3DF79D02A424}.Debug|Any CPU.ActiveCfg = Debug|Any CPU
		{AEFA5BDE-3D41-41CC-B3A2-3DF79D02A424}.Debug|Any CPU.Build.0 = Debug|Any CPU
		{AEFA5BDE-3D41-41CC-B3A2-3DF79D02A424}.Release|Any CPU.ActiveCfg = Release|Any CPU
		{AEFA5BDE-3D41-41CC-B3A2-3DF79D02A424}.Release|Any CPU.Build.0 = Release|Any CPU
		{AE2AB9BE-295F-4B90-BC09-903AB0BA4837}.Debug|Any CPU.ActiveCfg = Debug|Any CPU
		{AE2AB9BE-295F-4B90-BC09-903AB0BA4837}.Debug|Any CPU.Build.0 = Debug|Any CPU
		{AE2AB9BE-295F-4B90-BC09-903AB0BA4837}.Release|Any CPU.ActiveCfg = Release|Any CPU
		{AE2AB9BE-295F-4B90-BC09-903AB0BA4837}.Release|Any CPU.Build.0 = Release|Any CPU
		{0B404763-4E88-4B84-B27B-16F05441A9D1}.Debug|Any CPU.ActiveCfg = Debug|Any CPU
		{0B404763-4E88-4B84-B27B-16F05441A9D1}.Debug|Any CPU.Build.0 = Debug|Any CPU
		{0B404763-4E88-4B84-B27B-16F05441A9D1}.Release|Any CPU.ActiveCfg = Release|Any CPU
		{0B404763-4E88-4B84-B27B-16F05441A9D1}.Release|Any CPU.Build.0 = Release|Any CPU
		{578EE90E-3CF0-4BFE-B61C-38D4032B331B}.Debug|Any CPU.ActiveCfg = Debug|Any CPU
		{578EE90E-3CF0-4BFE-B61C-38D4032B331B}.Debug|Any CPU.Build.0 = Debug|Any CPU
		{578EE90E-3CF0-4BFE-B61C-38D4032B331B}.Release|Any CPU.ActiveCfg = Release|Any CPU
		{578EE90E-3CF0-4BFE-B61C-38D4032B331B}.Release|Any CPU.Build.0 = Release|Any CPU
		{B6CFCDD1-4B42-4080-9102-B6200FF6483E}.Debug|Any CPU.ActiveCfg = Debug|Any CPU
		{B6CFCDD1-4B42-4080-9102-B6200FF6483E}.Debug|Any CPU.Build.0 = Debug|Any CPU
		{B6CFCDD1-4B42-4080-9102-B6200FF6483E}.Release|Any CPU.ActiveCfg = Release|Any CPU
		{B6CFCDD1-4B42-4080-9102-B6200FF6483E}.Release|Any CPU.Build.0 = Release|Any CPU
		{DCBAD4A6-06CE-4F9E-B64E-C1CC87439471}.Debug|Any CPU.ActiveCfg = Debug|Any CPU
		{DCBAD4A6-06CE-4F9E-B64E-C1CC87439471}.Debug|Any CPU.Build.0 = Debug|Any CPU
		{DCBAD4A6-06CE-4F9E-B64E-C1CC87439471}.Release|Any CPU.ActiveCfg = Release|Any CPU
		{DCBAD4A6-06CE-4F9E-B64E-C1CC87439471}.Release|Any CPU.Build.0 = Release|Any CPU
		{92783CBE-2106-4E2E-B04D-0028988365FF}.Debug|Any CPU.ActiveCfg = Debug|Any CPU
		{92783CBE-2106-4E2E-B04D-0028988365FF}.Debug|Any CPU.Build.0 = Debug|Any CPU
		{92783CBE-2106-4E2E-B04D-0028988365FF}.Release|Any CPU.ActiveCfg = Release|Any CPU
		{92783CBE-2106-4E2E-B04D-0028988365FF}.Release|Any CPU.Build.0 = Release|Any CPU
		{7CC3176E-FDF1-4480-9D29-EF8347C0F30B}.Debug|Any CPU.ActiveCfg = Debug|Any CPU
		{7CC3176E-FDF1-4480-9D29-EF8347C0F30B}.Debug|Any CPU.Build.0 = Debug|Any CPU
		{7CC3176E-FDF1-4480-9D29-EF8347C0F30B}.Release|Any CPU.ActiveCfg = Release|Any CPU
		{7CC3176E-FDF1-4480-9D29-EF8347C0F30B}.Release|Any CPU.Build.0 = Release|Any CPU
		{A55AE994-9A25-4FA7-ACF5-0A0F39A951A4}.Debug|Any CPU.ActiveCfg = Debug|Any CPU
		{A55AE994-9A25-4FA7-ACF5-0A0F39A951A4}.Debug|Any CPU.Build.0 = Debug|Any CPU
		{A55AE994-9A25-4FA7-ACF5-0A0F39A951A4}.Release|Any CPU.ActiveCfg = Release|Any CPU
		{A55AE994-9A25-4FA7-ACF5-0A0F39A951A4}.Release|Any CPU.Build.0 = Release|Any CPU
		{4753C495-50FF-440E-8EAF-9481C4857EF2}.Debug|Any CPU.ActiveCfg = Debug|Any CPU
		{4753C495-50FF-440E-8EAF-9481C4857EF2}.Debug|Any CPU.Build.0 = Debug|Any CPU
		{4753C495-50FF-440E-8EAF-9481C4857EF2}.Release|Any CPU.ActiveCfg = Release|Any CPU
		{4753C495-50FF-440E-8EAF-9481C4857EF2}.Release|Any CPU.Build.0 = Release|Any CPU
		{47602D10-EE2E-4C2F-9E16-EDFCCB088B8C}.Debug|Any CPU.ActiveCfg = Debug|Any CPU
		{47602D10-EE2E-4C2F-9E16-EDFCCB088B8C}.Debug|Any CPU.Build.0 = Debug|Any CPU
		{47602D10-EE2E-4C2F-9E16-EDFCCB088B8C}.Release|Any CPU.ActiveCfg = Release|Any CPU
		{47602D10-EE2E-4C2F-9E16-EDFCCB088B8C}.Release|Any CPU.Build.0 = Release|Any CPU
		{324E16C8-E90C-4D0C-9531-4ABF3321D85C}.Debug|Any CPU.ActiveCfg = Debug|Any CPU
		{324E16C8-E90C-4D0C-9531-4ABF3321D85C}.Debug|Any CPU.Build.0 = Debug|Any CPU
		{324E16C8-E90C-4D0C-9531-4ABF3321D85C}.Release|Any CPU.ActiveCfg = Release|Any CPU
		{324E16C8-E90C-4D0C-9531-4ABF3321D85C}.Release|Any CPU.Build.0 = Release|Any CPU
		{AA322C89-E471-4AA7-A1B1-4B7F35FF81EC}.Debug|Any CPU.ActiveCfg = Debug|Any CPU
		{AA322C89-E471-4AA7-A1B1-4B7F35FF81EC}.Debug|Any CPU.Build.0 = Debug|Any CPU
		{AA322C89-E471-4AA7-A1B1-4B7F35FF81EC}.Release|Any CPU.ActiveCfg = Release|Any CPU
		{AA322C89-E471-4AA7-A1B1-4B7F35FF81EC}.Release|Any CPU.Build.0 = Release|Any CPU
		{71EEF1C7-256B-478F-B2A7-5D9661B9DDAE}.Debug|Any CPU.ActiveCfg = Debug|Any CPU
		{71EEF1C7-256B-478F-B2A7-5D9661B9DDAE}.Debug|Any CPU.Build.0 = Debug|Any CPU
		{71EEF1C7-256B-478F-B2A7-5D9661B9DDAE}.Release|Any CPU.ActiveCfg = Release|Any CPU
		{71EEF1C7-256B-478F-B2A7-5D9661B9DDAE}.Release|Any CPU.Build.0 = Release|Any CPU
		{92C359B3-626B-44ED-A80D-1B576671486F}.Debug|Any CPU.ActiveCfg = Debug|Any CPU
		{92C359B3-626B-44ED-A80D-1B576671486F}.Debug|Any CPU.Build.0 = Debug|Any CPU
		{92C359B3-626B-44ED-A80D-1B576671486F}.Release|Any CPU.ActiveCfg = Release|Any CPU
		{92C359B3-626B-44ED-A80D-1B576671486F}.Release|Any CPU.Build.0 = Release|Any CPU
		{01199AF1-8F4F-4075-8DB7-76E835B24A30}.Debug|Any CPU.ActiveCfg = Debug|Any CPU
		{01199AF1-8F4F-4075-8DB7-76E835B24A30}.Debug|Any CPU.Build.0 = Debug|Any CPU
		{01199AF1-8F4F-4075-8DB7-76E835B24A30}.Release|Any CPU.ActiveCfg = Release|Any CPU
		{01199AF1-8F4F-4075-8DB7-76E835B24A30}.Release|Any CPU.Build.0 = Release|Any CPU
		{D55077E8-B255-4873-AD17-8577C3ABD890}.Debug|Any CPU.ActiveCfg = Debug|Any CPU
		{D55077E8-B255-4873-AD17-8577C3ABD890}.Debug|Any CPU.Build.0 = Debug|Any CPU
		{D55077E8-B255-4873-AD17-8577C3ABD890}.Release|Any CPU.ActiveCfg = Release|Any CPU
		{D55077E8-B255-4873-AD17-8577C3ABD890}.Release|Any CPU.Build.0 = Release|Any CPU
		{9B54B575-E26D-49BF-9E4F-17B97ED2BB48}.Debug|Any CPU.ActiveCfg = Debug|Any CPU
		{9B54B575-E26D-49BF-9E4F-17B97ED2BB48}.Debug|Any CPU.Build.0 = Debug|Any CPU
		{9B54B575-E26D-49BF-9E4F-17B97ED2BB48}.Release|Any CPU.ActiveCfg = Release|Any CPU
		{9B54B575-E26D-49BF-9E4F-17B97ED2BB48}.Release|Any CPU.Build.0 = Release|Any CPU
		{E6160F31-46AE-4EB6-8278-F752771952AA}.Debug|Any CPU.ActiveCfg = Debug|Any CPU
		{E6160F31-46AE-4EB6-8278-F752771952AA}.Debug|Any CPU.Build.0 = Debug|Any CPU
		{E6160F31-46AE-4EB6-8278-F752771952AA}.Release|Any CPU.ActiveCfg = Release|Any CPU
		{E6160F31-46AE-4EB6-8278-F752771952AA}.Release|Any CPU.Build.0 = Release|Any CPU
	EndGlobalSection
	GlobalSection(SolutionProperties) = preSolution
		HideSolutionNode = FALSE
	EndGlobalSection
	GlobalSection(ExtensibilityGlobals) = postSolution
		SolutionGuid = {4EF43D85-6DD0-4792-B254-4BAE19C36612}
	EndGlobalSection
EndGlobal
